
Microsoft Visual Studio Solution File, Format Version 12.00
# Visual Studio 15
VisualStudioVersion = 15.0.27428.2037
MinimumVisualStudioVersion = 10.0.40219.1
Project("{FAE04EC0-301F-11D3-BF4B-00C04F79EFBC}") = "Week2TaskC", "Week2TaskC\Week2TaskC.csproj", "{462CD095-98C1-4066-9C37-2B4F48EA6196}"
EndProject
Project("{FAE04EC0-301F-11D3-BF4B-00C04F79EFBC}") = "Week2TaskC.Tests", "Week2TaskC.Tests\Week2TaskC.Tests.csproj", "{6861CCE5-89DC-4D88-BB5C-D8305DE804D4}"
EndProject
Global
	GlobalSection(SolutionConfigurationPlatforms) = preSolution
		Debug|Any CPU = Debug|Any CPU
		Release|Any CPU = Release|Any CPU
	EndGlobalSection
	GlobalSection(ProjectConfigurationPlatforms) = postSolution
		{462CD095-98C1-4066-9C37-2B4F48EA6196}.Debug|Any CPU.ActiveCfg = Debug|Any CPU
		{462CD095-98C1-4066-9C37-2B4F48EA6196}.Debug|Any CPU.Build.0 = Debug|Any CPU
		{462CD095-98C1-4066-9C37-2B4F48EA6196}.Release|Any CPU.ActiveCfg = Release|Any CPU
		{462CD095-98C1-4066-9C37-2B4F48EA6196}.Release|Any CPU.Build.0 = Release|Any CPU
		{6861CCE5-89DC-4D88-BB5C-D8305DE804D4}.Debug|Any CPU.ActiveCfg = Debug|Any CPU
		{6861CCE5-89DC-4D88-BB5C-D8305DE804D4}.Debug|Any CPU.Build.0 = Debug|Any CPU
		{6861CCE5-89DC-4D88-BB5C-D8305DE804D4}.Release|Any CPU.ActiveCfg = Release|Any CPU
		{6861CCE5-89DC-4D88-BB5C-D8305DE804D4}.Release|Any CPU.Build.0 = Release|Any CPU
	EndGlobalSection
	GlobalSection(SolutionProperties) = preSolution
		HideSolutionNode = FALSE
	EndGlobalSection
	GlobalSection(ExtensibilityGlobals) = postSolution
		SolutionGuid = {3902AA25-A0EB-44C0-9071-DA0212C19FBC}
	EndGlobalSection
EndGlobal
